" Generated by vim-plug
" Tue Jun 11 20:12:26 2019
" :source this file in vim to restore the snapshot
" or execute: vim -S snapshot.vim

silent! let g:plugs['ReplaceWithRegister'].commit = '832efc2'
silent! let g:plugs['completor-necovim'].commit = 'd3dbdd4'
silent! let g:plugs['completor.vim'].commit = '7fd4c5c'
silent! let g:plugs['fzf.vim'].commit = '91ed5f4'
silent! let g:plugs['targets.vim'].commit = 'a79447f'
silent! let g:plugs['traces.vim'].commit = 'e6f44ec'
silent! let g:plugs['vim-commentary'].commit = '141d9d3'
silent! let g:plugs['vim-easy-align'].commit = '12dd631'
silent! let g:plugs['vim-easymotion'].commit = '85e90c9'
silent! let g:plugs['vim-exchange'].commit = '05d82b8'
silent! let g:plugs['vim-highlightedyank'].commit = '51e25c9'
silent! let g:plugs['vim-latex-live-preview'].commit = '855c309'
silent! let g:plugs['vim-mundo'].commit = 'a32f8af'
silent! let g:plugs['vim-polyglot'].commit = '2edc785'
silent! let g:plugs['vim-repeat'].commit = '0b9b5e7'
silent! let g:plugs['vim-searchindex'].commit = '800f080'
silent! let g:plugs['vim-smooth-scroll'].commit = '0eae236'
silent! let g:plugs['vim-solarized8'].commit = 'b36b068'
silent! let g:plugs['vim-surround'].commit = 'ca58a2d'
silent! let g:plugs['vim-yankstack'].commit = '157a659'
silent! let g:plugs['vim-yin-yang'].commit = '981fac4'

PlugUpdate!

