" Generated by vim-plug
" Sat Apr 11 15:22:12 2020
" :source this file in vim to restore the snapshot
" or execute: vim -S snapshot.vim

silent! let g:plugs['ReplaceWithRegister'].commit = '832efc2'
silent! let g:plugs['coc.nvim'].commit = '09853cf'
silent! let g:plugs['fzf.vim'].commit = 'f86ef1b'
silent! let g:plugs['targets.vim'].commit = '8d6ff29'
silent! let g:plugs['traces.vim'].commit = '4d3858e'
silent! let g:plugs['vim-abolish'].commit = '7e4da6e'
silent! let g:plugs['vim-commentary'].commit = 'f8238d7'
silent! let g:plugs['vim-easymotion'].commit = 'dd7b4b5'
silent! let g:plugs['vim-eunuch'].commit = '33e875b'
silent! let g:plugs['vim-exchange'].commit = '05d82b8'
silent! let g:plugs['vim-highlightedyank'].commit = '931cc6b'
silent! let g:plugs['vim-latex-live-preview'].commit = '855c309'
silent! let g:plugs['vim-lion'].commit = '75306ac'
silent! let g:plugs['vim-mundo'].commit = '43c4fb3'
silent! let g:plugs['vim-repeat'].commit = 'c947ad2'
silent! let g:plugs['vim-smooth-scroll'].commit = '0eae236'
silent! let g:plugs['vim-solarized8'].commit = '5df7666'
silent! let g:plugs['vim-surround'].commit = 'f51a26d'
silent! let g:plugs['vim-textobj-entire'].commit = '64a856c'
silent! let g:plugs['vim-textobj-user'].commit = '41a675d'

PlugUpdate!

