" Generated by vim-plug
" Mon Feb  3 22:14:37 2020
" :source this file in vim to restore the snapshot
" or execute: vim -S snapshot.vim

silent! let g:plugs['ReplaceWithRegister'].commit = '832efc2'
silent! let g:plugs['coc.nvim'].commit = '9bb31f9'
silent! let g:plugs['fzf.vim'].commit = 'dc4c4c2'
silent! let g:plugs['targets.vim'].commit = '8d6ff29'
silent! let g:plugs['traces.vim'].commit = '4d3858e'
silent! let g:plugs['vim-abolish'].commit = '7e4da6e'
silent! let g:plugs['vim-commentary'].commit = 'f8238d7'
silent! let g:plugs['vim-easymotion'].commit = '9194ce9'
silent! let g:plugs['vim-eunuch'].commit = '33e875b'
silent! let g:plugs['vim-exchange'].commit = '05d82b8'
silent! let g:plugs['vim-highlightedyank'].commit = '3871624'
silent! let g:plugs['vim-latex-live-preview'].commit = '855c309'
silent! let g:plugs['vim-mundo'].commit = '43c4fb3'
silent! let g:plugs['vim-repeat'].commit = 'c947ad2'
silent! let g:plugs['vim-searchindex'].commit = 'b0788c8'
silent! let g:plugs['vim-smooth-scroll'].commit = '0eae236'
silent! let g:plugs['vim-solarized8'].commit = '5df7666'
silent! let g:plugs['vim-surround'].commit = 'f51a26d'

PlugUpdate!

